PODS:
  - CTEmptyDataSet (0.0.1)
  - MJRefresh (3.1.12)

DEPENDENCIES:
  - CTEmptyDataSet (from `https://github.com/Excalibur-CT/CTEmptyDataSet.git`)
  - MJRefresh (~> 3.1.12)

EXTERNAL SOURCES:
  CTEmptyDataSet:
    :git: https://github.com/Excalibur-CT/CTEmptyDataSet.git

CHECKOUT OPTIONS:
  CTEmptyDataSet:
    :commit: 2812a784a4b02c1a8795f2018acb9393600b6a70
    :git: https://github.com/Excalibur-CT/CTEmptyDataSet.git

SPEC CHECKSUMS:
  CTEmptyDataSet: 7dc3648b7a71a933db1781b0c4226230ecc0095b
  MJRefresh: b96cdb21c4aa75a7b07654311ab2f315c497e806

PODFILE CHECKSUM: 9d00761926bf40bebd639a35954edb706514996a

COCOAPODS: 1.1.1
