PODS:
  - CTEmptyDataSet (1.0.0)
  - MJRefresh (3.1.12)

DEPENDENCIES:
  - CTEmptyDataSet (from `https://github.com/Excalibur-CT/CTEmptyDataSet.git`)
  - MJRefresh (~> 3.1.12)

EXTERNAL SOURCES:
  CTEmptyDataSet:
    :git: https://github.com/Excalibur-CT/CTEmptyDataSet.git

CHECKOUT OPTIONS:
  CTEmptyDataSet:
    :commit: b5e5b0d9da5562cc0b5bcaf4b4ef954fedaad5da
    :git: https://github.com/Excalibur-CT/CTEmptyDataSet.git

SPEC CHECKSUMS:
  CTEmptyDataSet: e044570e8e9e17d4913b12f99a696f3f0412b834
  MJRefresh: b96cdb21c4aa75a7b07654311ab2f315c497e806

PODFILE CHECKSUM: 9d00761926bf40bebd639a35954edb706514996a

COCOAPODS: 1.1.1
